
Microsoft Visual Studio Solution File, Format Version 12.00
# Visual Studio Version 17
VisualStudioVersion = 17.8.34525.116
MinimumVisualStudioVersion = 10.0.40219.1
Project("{FAE04EC0-301F-11D3-BF4B-00C04F79EFBC}") = "Pakmak", "Pakmak\Pakmak.csproj", "{CFE27372-9299-48E6-8DDC-4073F2856216}"
EndProject
Global
	GlobalSection(SolutionConfigurationPlatforms) = preSolution
		Debug|Any CPU = Debug|Any CPU
		Release|Any CPU = Release|Any CPU
	EndGlobalSection
	GlobalSection(ProjectConfigurationPlatforms) = postSolution
		{CFE27372-9299-48E6-8DDC-4073F2856216}.Debug|Any CPU.ActiveCfg = Debug|Any CPU
		{CFE27372-9299-48E6-8DDC-4073F2856216}.Debug|Any CPU.Build.0 = Debug|Any CPU
		{CFE27372-9299-48E6-8DDC-4073F2856216}.Release|Any CPU.ActiveCfg = Release|Any CPU
		{CFE27372-9299-48E6-8DDC-4073F2856216}.Release|Any CPU.Build.0 = Release|Any CPU
	EndGlobalSection
	GlobalSection(SolutionProperties) = preSolution
		HideSolutionNode = FALSE
	EndGlobalSection
	GlobalSection(ExtensibilityGlobals) = postSolution
		SolutionGuid = {C4325D32-EAA8-4BB9-8961-8071CF85B87B}
	EndGlobalSection
EndGlobal
